
Microsoft Visual Studio Solution File, Format Version 12.00
# Visual Studio Version 16
VisualStudioVersion = 16.0.31205.134
MinimumVisualStudioVersion = 10.0.40219.1
Project("{FAE04EC0-301F-11D3-BF4B-00C04F79EFBC}") = "Struct assignment", "Struct assignment\Struct assignment.csproj", "{AA9BB93F-D4AE-4024-A74B-320A88D3E5AE}"
EndProject
Global
	GlobalSection(SolutionConfigurationPlatforms) = preSolution
		Debug|Any CPU = Debug|Any CPU
		Release|Any CPU = Release|Any CPU
	EndGlobalSection
	GlobalSection(ProjectConfigurationPlatforms) = postSolution
		{AA9BB93F-D4AE-4024-A74B-320A88D3E5AE}.Debug|Any CPU.ActiveCfg = Debug|Any CPU
		{AA9BB93F-D4AE-4024-A74B-320A88D3E5AE}.Debug|Any CPU.Build.0 = Debug|Any CPU
		{AA9BB93F-D4AE-4024-A74B-320A88D3E5AE}.Release|Any CPU.ActiveCfg = Release|Any CPU
		{AA9BB93F-D4AE-4024-A74B-320A88D3E5AE}.Release|Any CPU.Build.0 = Release|Any CPU
	EndGlobalSection
	GlobalSection(SolutionProperties) = preSolution
		HideSolutionNode = FALSE
	EndGlobalSection
	GlobalSection(ExtensibilityGlobals) = postSolution
		SolutionGuid = {00ED4570-70A5-4AFF-87B8-1D9D28E241EA}
	EndGlobalSection
EndGlobal
